
Microsoft Visual Studio Solution File, Format Version 11.00
# Visual Studio 2010
Project("{8BC9CEB8-8B4A-11D0-8D11-00A0C91BC942}") = "BaseCrackVerifyCode", "BaseCrackVerifyCode\BaseCrackVerifyCode.vcxproj", "{B568CB76-0A86-4272-BF26-0131F644B1ED}"
EndProject
Project("{8BC9CEB8-8B4A-11D0-8D11-00A0C91BC942}") = "GenerateVerifyCode", "..\GenerateVerifyCode\GenerateVerifyCode.vcxproj", "{1E57CFC5-E16A-4552-86EA-FEEDA6E25777}"
EndProject
Project("{8BC9CEB8-8B4A-11D0-8D11-00A0C91BC942}") = "CalculateTemplatesMoments", "..\CalculateTemplatesMoments\CalculateTemplatesMoments.vcxproj", "{70D6858A-C704-40F3-A2AC-AB73A4D8F095}"
EndProject
Project("{8BC9CEB8-8B4A-11D0-8D11-00A0C91BC942}") = "GenerateSampleImages", "..\GenerateSampleImages\GenerateSampleImages\GenerateSampleImages.vcxproj", "{D7EA1946-6F90-42D7-8FA0-1C24C5937B28}"
EndProject
Global
	GlobalSection(SolutionConfigurationPlatforms) = preSolution
		Debug|Win32 = Debug|Win32
		Release|Win32 = Release|Win32
	EndGlobalSection
	GlobalSection(ProjectConfigurationPlatforms) = postSolution
		{B568CB76-0A86-4272-BF26-0131F644B1ED}.Debug|Win32.ActiveCfg = Debug|Win32
		{B568CB76-0A86-4272-BF26-0131F644B1ED}.Debug|Win32.Build.0 = Debug|Win32
		{B568CB76-0A86-4272-BF26-0131F644B1ED}.Release|Win32.ActiveCfg = Release|Win32
		{B568CB76-0A86-4272-BF26-0131F644B1ED}.Release|Win32.Build.0 = Release|Win32
		{1E57CFC5-E16A-4552-86EA-FEEDA6E25777}.Debug|Win32.ActiveCfg = Debug|Win32
		{1E57CFC5-E16A-4552-86EA-FEEDA6E25777}.Debug|Win32.Build.0 = Debug|Win32
		{1E57CFC5-E16A-4552-86EA-FEEDA6E25777}.Release|Win32.ActiveCfg = Release|Win32
		{1E57CFC5-E16A-4552-86EA-FEEDA6E25777}.Release|Win32.Build.0 = Release|Win32
		{70D6858A-C704-40F3-A2AC-AB73A4D8F095}.Debug|Win32.ActiveCfg = Debug|Win32
		{70D6858A-C704-40F3-A2AC-AB73A4D8F095}.Debug|Win32.Build.0 = Debug|Win32
		{70D6858A-C704-40F3-A2AC-AB73A4D8F095}.Release|Win32.ActiveCfg = Release|Win32
		{70D6858A-C704-40F3-A2AC-AB73A4D8F095}.Release|Win32.Build.0 = Release|Win32
		{D7EA1946-6F90-42D7-8FA0-1C24C5937B28}.Debug|Win32.ActiveCfg = Debug|Win32
		{D7EA1946-6F90-42D7-8FA0-1C24C5937B28}.Debug|Win32.Build.0 = Debug|Win32
		{D7EA1946-6F90-42D7-8FA0-1C24C5937B28}.Release|Win32.ActiveCfg = Release|Win32
		{D7EA1946-6F90-42D7-8FA0-1C24C5937B28}.Release|Win32.Build.0 = Release|Win32
	EndGlobalSection
	GlobalSection(SolutionProperties) = preSolution
		HideSolutionNode = FALSE
	EndGlobalSection
EndGlobal
